
Microsoft Visual Studio Solution File, Format Version 12.00
# Visual Studio Version 16
VisualStudioVersion = 16.0.29403.142
MinimumVisualStudioVersion = 10.0.40219.1
Project("{D954291E-2A0B-460D-934E-DC6B0785DB48}") = "idiTasks.Shared", "idiTasks\idiTasks.Shared\idiTasks.Shared.shproj", "{6279C845-92F8-4333-AB99-3D213163593C}"
EndProject
Project("{FAE04EC0-301F-11D3-BF4B-00C04F79EFBC}") = "idiTasks.Droid", "idiTasks\idiTasks.Droid\idiTasks.Droid.csproj", "{9E05648C-D00B-49E3-95D6-EFF72DF69674}"
EndProject
Project("{FAE04EC0-301F-11D3-BF4B-00C04F79EFBC}") = "idiTasks.iOS", "idiTasks\idiTasks.iOS\idiTasks.iOS.csproj", "{2A3A5DC8-9098-4263-B0B9-2ABC30C10865}"
EndProject
Project("{FAE04EC0-301F-11D3-BF4B-00C04F79EFBC}") = "idiTasks.UWP", "idiTasks\idiTasks.UWP\idiTasks.UWP.csproj", "{D3490C1B-062E-4EC0-AFD2-34C947666450}"
EndProject
Project("{9A19103F-16F7-4668-BE54-9A1E7A4F7556}") = "idiTasks.Wasm", "idiTasks\idiTasks.Wasm\idiTasks.Wasm.csproj", "{68C503F9-2EB3-4BDC-8AC5-2783CEBABE97}"
EndProject
Global
	GlobalSection(SharedMSBuildProjectFiles) = preSolution
		idiTasks\idiTasks.Shared\idiTasks.Shared.projitems*{2a3a5dc8-9098-4263-b0b9-2abc30c10865}*SharedItemsImports = 4
		idiTasks\idiTasks.Shared\idiTasks.Shared.projitems*{6279c845-92f8-4333-ab99-3d213163593c}*SharedItemsImports = 13
		idiTasks\idiTasks.Shared\idiTasks.Shared.projitems*{9e05648c-d00b-49e3-95d6-eff72df69674}*SharedItemsImports = 4
		idiTasks\idiTasks.Shared\idiTasks.Shared.projitems*{d3490c1b-062e-4ec0-afd2-34c947666450}*SharedItemsImports = 4
	EndGlobalSection
	GlobalSection(SolutionConfigurationPlatforms) = preSolution
		Ad-Hoc|Any CPU = Ad-Hoc|Any CPU
		Ad-Hoc|ARM = Ad-Hoc|ARM
		Ad-Hoc|iPhone = Ad-Hoc|iPhone
		Ad-Hoc|iPhoneSimulator = Ad-Hoc|iPhoneSimulator
		Ad-Hoc|x64 = Ad-Hoc|x64
		Ad-Hoc|x86 = Ad-Hoc|x86
		AppStore|Any CPU = AppStore|Any CPU
		AppStore|ARM = AppStore|ARM
		AppStore|iPhone = AppStore|iPhone
		AppStore|iPhoneSimulator = AppStore|iPhoneSimulator
		AppStore|x64 = AppStore|x64
		AppStore|x86 = AppStore|x86
		Debug|Any CPU = Debug|Any CPU
		Debug|ARM = Debug|ARM
		Debug|iPhone = Debug|iPhone
		Debug|iPhoneSimulator = Debug|iPhoneSimulator
		Debug|x64 = Debug|x64
		Debug|x86 = Debug|x86
		Release|Any CPU = Release|Any CPU
		Release|ARM = Release|ARM
		Release|iPhone = Release|iPhone
		Release|iPhoneSimulator = Release|iPhoneSimulator
		Release|x64 = Release|x64
		Release|x86 = Release|x86
	EndGlobalSection
	GlobalSection(ProjectConfigurationPlatforms) = postSolution
		{9E05648C-D00B-49E3-95D6-EFF72DF69674}.Ad-Hoc|Any CPU.ActiveCfg = Release|Any CPU
		{9E05648C-D00B-49E3-95D6-EFF72DF69674}.Ad-Hoc|Any CPU.Build.0 = Release|Any CPU
		{9E05648C-D00B-49E3-95D6-EFF72DF69674}.Ad-Hoc|Any CPU.Deploy.0 = Release|Any CPU
		{9E05648C-D00B-49E3-95D6-EFF72DF69674}.Ad-Hoc|ARM.ActiveCfg = Release|Any CPU
		{9E05648C-D00B-49E3-95D6-EFF72DF69674}.Ad-Hoc|ARM.Build.0 = Release|Any CPU
		{9E05648C-D00B-49E3-95D6-EFF72DF69674}.Ad-Hoc|ARM.Deploy.0 = Release|Any CPU
		{9E05648C-D00B-49E3-95D6-EFF72DF69674}.Ad-Hoc|iPhone.ActiveCfg = Release|Any CPU
		{9E05648C-D00B-49E3-95D6-EFF72DF69674}.Ad-Hoc|iPhone.Build.0 = Release|Any CPU
		{9E05648C-D00B-49E3-95D6-EFF72DF69674}.Ad-Hoc|iPhone.Deploy.0 = Release|Any CPU
		{9E05648C-D00B-49E3-95D6-EFF72DF69674}.Ad-Hoc|iPhoneSimulator.ActiveCfg = Release|Any CPU
		{9E05648C-D00B-49E3-95D6-EFF72DF69674}.Ad-Hoc|iPhoneSimulator.Build.0 = Release|Any CPU
		{9E05648C-D00B-49E3-95D6-EFF72DF69674}.Ad-Hoc|iPhoneSimulator.Deploy.0 = Release|Any CPU
		{9E05648C-D00B-49E3-95D6-EFF72DF69674}.Ad-Hoc|x64.ActiveCfg = Release|Any CPU
		{9E05648C-D00B-49E3-95D6-EFF72DF69674}.Ad-Hoc|x64.Build.0 = Release|Any CPU
		{9E05648C-D00B-49E3-95D6-EFF72DF69674}.Ad-Hoc|x64.Deploy.0 = Release|Any CPU
		{9E05648C-D00B-49E3-95D6-EFF72DF69674}.Ad-Hoc|x86.ActiveCfg = Release|Any CPU
		{9E05648C-D00B-49E3-95D6-EFF72DF69674}.Ad-Hoc|x86.Build.0 = Release|Any CPU
		{9E05648C-D00B-49E3-95D6-EFF72DF69674}.Ad-Hoc|x86.Deploy.0 = Release|Any CPU
		{9E05648C-D00B-49E3-95D6-EFF72DF69674}.AppStore|Any CPU.ActiveCfg = Release|Any CPU
		{9E05648C-D00B-49E3-95D6-EFF72DF69674}.AppStore|Any CPU.Build.0 = Release|Any CPU
		{9E05648C-D00B-49E3-95D6-EFF72DF69674}.AppStore|Any CPU.Deploy.0 = Release|Any CPU
		{9E05648C-D00B-49E3-95D6-EFF72DF69674}.AppStore|ARM.ActiveCfg = Release|Any CPU
		{9E05648C-D00B-49E3-95D6-EFF72DF69674}.AppStore|ARM.Build.0 = Release|Any CPU
		{9E05648C-D00B-49E3-95D6-EFF72DF69674}.AppStore|ARM.Deploy.0 = Release|Any CPU
		{9E05648C-D00B-49E3-95D6-EFF72DF69674}.AppStore|iPhone.ActiveCfg = Release|Any CPU
		{9E05648C-D00B-49E3-95D6-EFF72DF69674}.AppStore|iPhone.Build.0 = Release|Any CPU
		{9E05648C-D00B-49E3-95D6-EFF72DF69674}.AppStore|iPhone.Deploy.0 = Release|Any CPU
		{9E05648C-D00B-49E3-95D6-EFF72DF69674}.AppStore|iPhoneSimulator.ActiveCfg = Release|Any CPU
		{9E05648C-D00B-49E3-95D6-EFF72DF69674}.AppStore|iPhoneSimulator.Build.0 = Release|Any CPU
		{9E05648C-D00B-49E3-95D6-EFF72DF69674}.AppStore|iPhoneSimulator.Deploy.0 = Release|Any CPU
		{9E05648C-D00B-49E3-95D6-EFF72DF69674}.AppStore|x64.ActiveCfg = Release|Any CPU
		{9E05648C-D00B-49E3-95D6-EFF72DF69674}.AppStore|x64.Build.0 = Release|Any CPU
		{9E05648C-D00B-49E3-95D6-EFF72DF69674}.AppStore|x64.Deploy.0 = Release|Any CPU
		{9E05648C-D00B-49E3-95D6-EFF72DF69674}.AppStore|x86.ActiveCfg = Release|Any CPU
		{9E05648C-D00B-49E3-95D6-EFF72DF69674}.AppStore|x86.Build.0 = Release|Any CPU
		{9E05648C-D00B-49E3-95D6-EFF72DF69674}.AppStore|x86.Deploy.0 = Release|Any CPU
		{9E05648C-D00B-49E3-95D6-EFF72DF69674}.Debug|Any CPU.ActiveCfg = Debug|Any CPU
		{9E05648C-D00B-49E3-95D6-EFF72DF69674}.Debug|Any CPU.Build.0 = Debug|Any CPU
		{9E05648C-D00B-49E3-95D6-EFF72DF69674}.Debug|Any CPU.Deploy.0 = Debug|Any CPU
		{9E05648C-D00B-49E3-95D6-EFF72DF69674}.Debug|ARM.ActiveCfg = Debug|Any CPU
		{9E05648C-D00B-49E3-95D6-EFF72DF69674}.Debug|ARM.Build.0 = Debug|Any CPU
		{9E05648C-D00B-49E3-95D6-EFF72DF69674}.Debug|ARM.Deploy.0 = Debug|Any CPU
		{9E05648C-D00B-49E3-95D6-EFF72DF69674}.Debug|iPhone.ActiveCfg = Debug|Any CPU
		{9E05648C-D00B-49E3-95D6-EFF72DF69674}.Debug|iPhone.Build.0 = Debug|Any CPU
		{9E05648C-D00B-49E3-95D6-EFF72DF69674}.Debug|iPhone.Deploy.0 = Debug|Any CPU
		{9E05648C-D00B-49E3-95D6-EFF72DF69674}.Debug|iPhoneSimulator.ActiveCfg = Debug|Any CPU
		{9E05648C-D00B-49E3-95D6-EFF72DF69674}.Debug|iPhoneSimulator.Build.0 = Debug|Any CPU
		{9E05648C-D00B-49E3-95D6-EFF72DF69674}.Debug|iPhoneSimulator.Deploy.0 = Debug|Any CPU
		{9E05648C-D00B-49E3-95D6-EFF72DF69674}.Debug|x64.ActiveCfg = Debug|Any CPU
		{9E05648C-D00B-49E3-95D6-EFF72DF69674}.Debug|x64.Build.0 = Debug|Any CPU
		{9E05648C-D00B-49E3-95D6-EFF72DF69674}.Debug|x64.Deploy.0 = Debug|Any CPU
		{9E05648C-D00B-49E3-95D6-EFF72DF69674}.Debug|x86.ActiveCfg = Debug|Any CPU
		{9E05648C-D00B-49E3-95D6-EFF72DF69674}.Debug|x86.Build.0 = Debug|Any CPU
		{9E05648C-D00B-49E3-95D6-EFF72DF69674}.Debug|x86.Deploy.0 = Debug|Any CPU
		{9E05648C-D00B-49E3-95D6-EFF72DF69674}.Release|Any CPU.ActiveCfg = Release|Any CPU
		{9E05648C-D00B-49E3-95D6-EFF72DF69674}.Release|Any CPU.Build.0 = Release|Any CPU
		{9E05648C-D00B-49E3-95D6-EFF72DF69674}.Release|Any CPU.Deploy.0 = Release|Any CPU
		{9E05648C-D00B-49E3-95D6-EFF72DF69674}.Release|ARM.ActiveCfg = Release|Any CPU
		{9E05648C-D00B-49E3-95D6-EFF72DF69674}.Release|ARM.Build.0 = Release|Any CPU
		{9E05648C-D00B-49E3-95D6-EFF72DF69674}.Release|ARM.Deploy.0 = Release|Any CPU
		{9E05648C-D00B-49E3-95D6-EFF72DF69674}.Release|iPhone.ActiveCfg = Release|Any CPU
		{9E05648C-D00B-49E3-95D6-EFF72DF69674}.Release|iPhone.Build.0 = Release|Any CPU
		{9E05648C-D00B-49E3-95D6-EFF72DF69674}.Release|iPhone.Deploy.0 = Release|Any CPU
		{9E05648C-D00B-49E3-95D6-EFF72DF69674}.Release|iPhoneSimulator.ActiveCfg = Release|Any CPU
		{9E05648C-D00B-49E3-95D6-EFF72DF69674}.Release|iPhoneSimulator.Build.0 = Release|Any CPU
		{9E05648C-D00B-49E3-95D6-EFF72DF69674}.Release|iPhoneSimulator.Deploy.0 = Release|Any CPU
		{9E05648C-D00B-49E3-95D6-EFF72DF69674}.Release|x64.ActiveCfg = Release|Any CPU
		{9E05648C-D00B-49E3-95D6-EFF72DF69674}.Release|x64.Build.0 = Release|Any CPU
		{9E05648C-D00B-49E3-95D6-EFF72DF69674}.Release|x64.Deploy.0 = Release|Any CPU
		{9E05648C-D00B-49E3-95D6-EFF72DF69674}.Release|x86.ActiveCfg = Release|Any CPU
		{9E05648C-D00B-49E3-95D6-EFF72DF69674}.Release|x86.Build.0 = Release|Any CPU
		{9E05648C-D00B-49E3-95D6-EFF72DF69674}.Release|x86.Deploy.0 = Release|Any CPU
		{2A3A5DC8-9098-4263-B0B9-2ABC30C10865}.Ad-Hoc|Any CPU.ActiveCfg = Ad-Hoc|iPhone
		{2A3A5DC8-9098-4263-B0B9-2ABC30C10865}.Ad-Hoc|ARM.ActiveCfg = Ad-Hoc|iPhone
		{2A3A5DC8-9098-4263-B0B9-2ABC30C10865}.Ad-Hoc|iPhone.ActiveCfg = Ad-Hoc|iPhone
		{2A3A5DC8-9098-4263-B0B9-2ABC30C10865}.Ad-Hoc|iPhone.Build.0 = Ad-Hoc|iPhone
		{2A3A5DC8-9098-4263-B0B9-2ABC30C10865}.Ad-Hoc|iPhoneSimulator.ActiveCfg = Ad-Hoc|iPhoneSimulator
		{2A3A5DC8-9098-4263-B0B9-2ABC30C10865}.Ad-Hoc|iPhoneSimulator.Build.0 = Ad-Hoc|iPhoneSimulator
		{2A3A5DC8-9098-4263-B0B9-2ABC30C10865}.Ad-Hoc|x64.ActiveCfg = Ad-Hoc|iPhone
		{2A3A5DC8-9098-4263-B0B9-2ABC30C10865}.Ad-Hoc|x86.ActiveCfg = Ad-Hoc|iPhone
		{2A3A5DC8-9098-4263-B0B9-2ABC30C10865}.AppStore|Any CPU.ActiveCfg = AppStore|iPhone
		{2A3A5DC8-9098-4263-B0B9-2ABC30C10865}.AppStore|ARM.ActiveCfg = AppStore|iPhone
		{2A3A5DC8-9098-4263-B0B9-2ABC30C10865}.AppStore|iPhone.ActiveCfg = AppStore|iPhone
		{2A3A5DC8-9098-4263-B0B9-2ABC30C10865}.AppStore|iPhone.Build.0 = AppStore|iPhone
		{2A3A5DC8-9098-4263-B0B9-2ABC30C10865}.AppStore|iPhoneSimulator.ActiveCfg = AppStore|iPhoneSimulator
		{2A3A5DC8-9098-4263-B0B9-2ABC30C10865}.AppStore|iPhoneSimulator.Build.0 = AppStore|iPhoneSimulator
		{2A3A5DC8-9098-4263-B0B9-2ABC30C10865}.AppStore|x64.ActiveCfg = AppStore|iPhone
		{2A3A5DC8-9098-4263-B0B9-2ABC30C10865}.AppStore|x86.ActiveCfg = AppStore|iPhone
		{2A3A5DC8-9098-4263-B0B9-2ABC30C10865}.Debug|Any CPU.ActiveCfg = Debug|iPhone
		{2A3A5DC8-9098-4263-B0B9-2ABC30C10865}.Debug|ARM.ActiveCfg = Debug|iPhone
		{2A3A5DC8-9098-4263-B0B9-2ABC30C10865}.Debug|iPhone.ActiveCfg = Debug|iPhone
		{2A3A5DC8-9098-4263-B0B9-2ABC30C10865}.Debug|iPhone.Build.0 = Debug|iPhone
		{2A3A5DC8-9098-4263-B0B9-2ABC30C10865}.Debug|iPhoneSimulator.ActiveCfg = Debug|iPhoneSimulator
		{2A3A5DC8-9098-4263-B0B9-2ABC30C10865}.Debug|iPhoneSimulator.Build.0 = Debug|iPhoneSimulator
		{2A3A5DC8-9098-4263-B0B9-2ABC30C10865}.Debug|x64.ActiveCfg = Debug|iPhone
		{2A3A5DC8-9098-4263-B0B9-2ABC30C10865}.Debug|x86.ActiveCfg = Debug|iPhone
		{2A3A5DC8-9098-4263-B0B9-2ABC30C10865}.Release|Any CPU.ActiveCfg = Release|iPhone
		{2A3A5DC8-9098-4263-B0B9-2ABC30C10865}.Release|ARM.ActiveCfg = Release|iPhone
		{2A3A5DC8-9098-4263-B0B9-2ABC30C10865}.Release|iPhone.ActiveCfg = Release|iPhone
		{2A3A5DC8-9098-4263-B0B9-2ABC30C10865}.Release|iPhone.Build.0 = Release|iPhone
		{2A3A5DC8-9098-4263-B0B9-2ABC30C10865}.Release|iPhoneSimulator.ActiveCfg = Release|iPhoneSimulator
		{2A3A5DC8-9098-4263-B0B9-2ABC30C10865}.Release|iPhoneSimulator.Build.0 = Release|iPhoneSimulator
		{2A3A5DC8-9098-4263-B0B9-2ABC30C10865}.Release|x64.ActiveCfg = Release|iPhone
		{2A3A5DC8-9098-4263-B0B9-2ABC30C10865}.Release|x86.ActiveCfg = Release|iPhone
		{D3490C1B-062E-4EC0-AFD2-34C947666450}.Ad-Hoc|Any CPU.ActiveCfg = Release|x64
		{D3490C1B-062E-4EC0-AFD2-34C947666450}.Ad-Hoc|Any CPU.Build.0 = Release|x64
		{D3490C1B-062E-4EC0-AFD2-34C947666450}.Ad-Hoc|Any CPU.Deploy.0 = Release|x64
		{D3490C1B-062E-4EC0-AFD2-34C947666450}.Ad-Hoc|ARM.ActiveCfg = Release|ARM
		{D3490C1B-062E-4EC0-AFD2-34C947666450}.Ad-Hoc|ARM.Build.0 = Release|ARM
		{D3490C1B-062E-4EC0-AFD2-34C947666450}.Ad-Hoc|ARM.Deploy.0 = Release|ARM
		{D3490C1B-062E-4EC0-AFD2-34C947666450}.Ad-Hoc|iPhone.ActiveCfg = Release|x64
		{D3490C1B-062E-4EC0-AFD2-34C947666450}.Ad-Hoc|iPhone.Build.0 = Release|x64
		{D3490C1B-062E-4EC0-AFD2-34C947666450}.Ad-Hoc|iPhone.Deploy.0 = Release|x64
		{D3490C1B-062E-4EC0-AFD2-34C947666450}.Ad-Hoc|iPhoneSimulator.ActiveCfg = Release|x64
		{D3490C1B-062E-4EC0-AFD2-34C947666450}.Ad-Hoc|iPhoneSimulator.Build.0 = Release|x64
		{D3490C1B-062E-4EC0-AFD2-34C947666450}.Ad-Hoc|iPhoneSimulator.Deploy.0 = Release|x64
		{D3490C1B-062E-4EC0-AFD2-34C947666450}.Ad-Hoc|x64.ActiveCfg = Release|x64
		{D3490C1B-062E-4EC0-AFD2-34C947666450}.Ad-Hoc|x64.Build.0 = Release|x64
		{D3490C1B-062E-4EC0-AFD2-34C947666450}.Ad-Hoc|x64.Deploy.0 = Release|x64
		{D3490C1B-062E-4EC0-AFD2-34C947666450}.Ad-Hoc|x86.ActiveCfg = Release|x86
		{D3490C1B-062E-4EC0-AFD2-34C947666450}.Ad-Hoc|x86.Build.0 = Release|x86
		{D3490C1B-062E-4EC0-AFD2-34C947666450}.Ad-Hoc|x86.Deploy.0 = Release|x86
		{D3490C1B-062E-4EC0-AFD2-34C947666450}.AppStore|Any CPU.ActiveCfg = Release|x64
		{D3490C1B-062E-4EC0-AFD2-34C947666450}.AppStore|Any CPU.Build.0 = Release|x64
		{D3490C1B-062E-4EC0-AFD2-34C947666450}.AppStore|Any CPU.Deploy.0 = Release|x64
		{D3490C1B-062E-4EC0-AFD2-34C947666450}.AppStore|ARM.ActiveCfg = Release|ARM
		{D3490C1B-062E-4EC0-AFD2-34C947666450}.AppStore|ARM.Build.0 = Release|ARM
		{D3490C1B-062E-4EC0-AFD2-34C947666450}.AppStore|ARM.Deploy.0 = Release|ARM
		{D3490C1B-062E-4EC0-AFD2-34C947666450}.AppStore|iPhone.ActiveCfg = Release|x64
		{D3490C1B-062E-4EC0-AFD2-34C947666450}.AppStore|iPhone.Build.0 = Release|x64
		{D3490C1B-062E-4EC0-AFD2-34C947666450}.AppStore|iPhone.Deploy.0 = Release|x64
		{D3490C1B-062E-4EC0-AFD2-34C947666450}.AppStore|iPhoneSimulator.ActiveCfg = Release|x64
		{D3490C1B-062E-4EC0-AFD2-34C947666450}.AppStore|iPhoneSimulator.Build.0 = Release|x64
		{D3490C1B-062E-4EC0-AFD2-34C947666450}.AppStore|iPhoneSimulator.Deploy.0 = Release|x64
		{D3490C1B-062E-4EC0-AFD2-34C947666450}.AppStore|x64.ActiveCfg = Release|x64
		{D3490C1B-062E-4EC0-AFD2-34C947666450}.AppStore|x64.Build.0 = Release|x64
		{D3490C1B-062E-4EC0-AFD2-34C947666450}.AppStore|x64.Deploy.0 = Release|x64
		{D3490C1B-062E-4EC0-AFD2-34C947666450}.AppStore|x86.ActiveCfg = Release|x86
		{D3490C1B-062E-4EC0-AFD2-34C947666450}.AppStore|x86.Build.0 = Release|x86
		{D3490C1B-062E-4EC0-AFD2-34C947666450}.AppStore|x86.Deploy.0 = Release|x86
		{D3490C1B-062E-4EC0-AFD2-34C947666450}.Debug|Any CPU.ActiveCfg = Debug|x86
		{D3490C1B-062E-4EC0-AFD2-34C947666450}.Debug|ARM.ActiveCfg = Debug|ARM
		{D3490C1B-062E-4EC0-AFD2-34C947666450}.Debug|ARM.Build.0 = Debug|ARM
		{D3490C1B-062E-4EC0-AFD2-34C947666450}.Debug|ARM.Deploy.0 = Debug|ARM
		{D3490C1B-062E-4EC0-AFD2-34C947666450}.Debug|iPhone.ActiveCfg = Debug|x86
		{D3490C1B-062E-4EC0-AFD2-34C947666450}.Debug|iPhoneSimulator.ActiveCfg = Debug|x86
		{D3490C1B-062E-4EC0-AFD2-34C947666450}.Debug|x64.ActiveCfg = Debug|x64
		{D3490C1B-062E-4EC0-AFD2-34C947666450}.Debug|x64.Build.0 = Debug|x64
		{D3490C1B-062E-4EC0-AFD2-34C947666450}.Debug|x64.Deploy.0 = Debug|x64
		{D3490C1B-062E-4EC0-AFD2-34C947666450}.Debug|x86.ActiveCfg = Debug|x86
		{D3490C1B-062E-4EC0-AFD2-34C947666450}.Debug|x86.Build.0 = Debug|x86
		{D3490C1B-062E-4EC0-AFD2-34C947666450}.Debug|x86.Deploy.0 = Debug|x86
		{D3490C1B-062E-4EC0-AFD2-34C947666450}.Release|Any CPU.ActiveCfg = Release|x86
		{D3490C1B-062E-4EC0-AFD2-34C947666450}.Release|ARM.ActiveCfg = Release|ARM
		{D3490C1B-062E-4EC0-AFD2-34C947666450}.Release|ARM.Build.0 = Release|ARM
		{D3490C1B-062E-4EC0-AFD2-34C947666450}.Release|ARM.Deploy.0 = Release|ARM
		{D3490C1B-062E-4EC0-AFD2-34C947666450}.Release|iPhone.ActiveCfg = Release|x86
		{D3490C1B-062E-4EC0-AFD2-34C947666450}.Release|iPhoneSimulator.ActiveCfg = Release|x86
		{D3490C1B-062E-4EC0-AFD2-34C947666450}.Release|x64.ActiveCfg = Release|x64
		{D3490C1B-062E-4EC0-AFD2-34C947666450}.Release|x64.Build.0 = Release|x64
		{D3490C1B-062E-4EC0-AFD2-34C947666450}.Release|x64.Deploy.0 = Release|x64
		{D3490C1B-062E-4EC0-AFD2-34C947666450}.Release|x86.ActiveCfg = Release|x86
		{D3490C1B-062E-4EC0-AFD2-34C947666450}.Release|x86.Build.0 = Release|x86
		{D3490C1B-062E-4EC0-AFD2-34C947666450}.Release|x86.Deploy.0 = Release|x86
		{68C503F9-2EB3-4BDC-8AC5-2783CEBABE97}.Ad-Hoc|Any CPU.ActiveCfg = Debug|Any CPU
		{68C503F9-2EB3-4BDC-8AC5-2783CEBABE97}.Ad-Hoc|Any CPU.Build.0 = Debug|Any CPU
		{68C503F9-2EB3-4BDC-8AC5-2783CEBABE97}.Ad-Hoc|ARM.ActiveCfg = Debug|Any CPU
		{68C503F9-2EB3-4BDC-8AC5-2783CEBABE97}.Ad-Hoc|ARM.Build.0 = Debug|Any CPU
		{68C503F9-2EB3-4BDC-8AC5-2783CEBABE97}.Ad-Hoc|iPhone.ActiveCfg = Debug|Any CPU
		{68C503F9-2EB3-4BDC-8AC5-2783CEBABE97}.Ad-Hoc|iPhone.Build.0 = Debug|Any CPU
		{68C503F9-2EB3-4BDC-8AC5-2783CEBABE97}.Ad-Hoc|iPhoneSimulator.ActiveCfg = Debug|Any CPU
		{68C503F9-2EB3-4BDC-8AC5-2783CEBABE97}.Ad-Hoc|iPhoneSimulator.Build.0 = Debug|Any CPU
		{68C503F9-2EB3-4BDC-8AC5-2783CEBABE97}.Ad-Hoc|x64.ActiveCfg = Debug|Any CPU
		{68C503F9-2EB3-4BDC-8AC5-2783CEBABE97}.Ad-Hoc|x64.Build.0 = Debug|Any CPU
		{68C503F9-2EB3-4BDC-8AC5-2783CEBABE97}.Ad-Hoc|x86.ActiveCfg = Debug|Any CPU
		{68C503F9-2EB3-4BDC-8AC5-2783CEBABE97}.Ad-Hoc|x86.Build.0 = Debug|Any CPU
		{68C503F9-2EB3-4BDC-8AC5-2783CEBABE97}.AppStore|Any CPU.ActiveCfg = Debug|Any CPU
		{68C503F9-2EB3-4BDC-8AC5-2783CEBABE97}.AppStore|Any CPU.Build.0 = Debug|Any CPU
		{68C503F9-2EB3-4BDC-8AC5-2783CEBABE97}.AppStore|ARM.ActiveCfg = Debug|Any CPU
		{68C503F9-2EB3-4BDC-8AC5-2783CEBABE97}.AppStore|ARM.Build.0 = Debug|Any CPU
		{68C503F9-2EB3-4BDC-8AC5-2783CEBABE97}.AppStore|iPhone.ActiveCfg = Debug|Any CPU
		{68C503F9-2EB3-4BDC-8AC5-2783CEBABE97}.AppStore|iPhone.Build.0 = Debug|Any CPU
		{68C503F9-2EB3-4BDC-8AC5-2783CEBABE97}.AppStore|iPhoneSimulator.ActiveCfg = Debug|Any CPU
		{68C503F9-2EB3-4BDC-8AC5-2783CEBABE97}.AppStore|iPhoneSimulator.Build.0 = Debug|Any CPU
		{68C503F9-2EB3-4BDC-8AC5-2783CEBABE97}.AppStore|x64.ActiveCfg = Debug|Any CPU
		{68C503F9-2EB3-4BDC-8AC5-2783CEBABE97}.AppStore|x64.Build.0 = Debug|Any CPU
		{68C503F9-2EB3-4BDC-8AC5-2783CEBABE97}.AppStore|x86.ActiveCfg = Debug|Any CPU
		{68C503F9-2EB3-4BDC-8AC5-2783CEBABE97}.AppStore|x86.Build.0 = Debug|Any CPU
		{68C503F9-2EB3-4BDC-8AC5-2783CEBABE97}.Debug|Any CPU.ActiveCfg = Debug|Any CPU
		{68C503F9-2EB3-4BDC-8AC5-2783CEBABE97}.Debug|Any CPU.Build.0 = Debug|Any CPU
		{68C503F9-2EB3-4BDC-8AC5-2783CEBABE97}.Debug|ARM.ActiveCfg = Debug|Any CPU
		{68C503F9-2EB3-4BDC-8AC5-2783CEBABE97}.Debug|ARM.Build.0 = Debug|Any CPU
		{68C503F9-2EB3-4BDC-8AC5-2783CEBABE97}.Debug|iPhone.ActiveCfg = Debug|Any CPU
		{68C503F9-2EB3-4BDC-8AC5-2783CEBABE97}.Debug|iPhone.Build.0 = Debug|Any CPU
		{68C503F9-2EB3-4BDC-8AC5-2783CEBABE97}.Debug|iPhoneSimulator.ActiveCfg = Debug|Any CPU
		{68C503F9-2EB3-4BDC-8AC5-2783CEBABE97}.Debug|iPhoneSimulator.Build.0 = Debug|Any CPU
		{68C503F9-2EB3-4BDC-8AC5-2783CEBABE97}.Debug|x64.ActiveCfg = Debug|Any CPU
		{68C503F9-2EB3-4BDC-8AC5-2783CEBABE97}.Debug|x64.Build.0 = Debug|Any CPU
		{68C503F9-2EB3-4BDC-8AC5-2783CEBABE97}.Debug|x86.ActiveCfg = Debug|Any CPU
		{68C503F9-2EB3-4BDC-8AC5-2783CEBABE97}.Debug|x86.Build.0 = Debug|Any CPU
		{68C503F9-2EB3-4BDC-8AC5-2783CEBABE97}.Release|Any CPU.ActiveCfg = Release|Any CPU
		{68C503F9-2EB3-4BDC-8AC5-2783CEBABE97}.Release|Any CPU.Build.0 = Release|Any CPU
		{68C503F9-2EB3-4BDC-8AC5-2783CEBABE97}.Release|ARM.ActiveCfg = Release|Any CPU
		{68C503F9-2EB3-4BDC-8AC5-2783CEBABE97}.Release|ARM.Build.0 = Release|Any CPU
		{68C503F9-2EB3-4BDC-8AC5-2783CEBABE97}.Release|iPhone.ActiveCfg = Release|Any CPU
		{68C503F9-2EB3-4BDC-8AC5-2783CEBABE97}.Release|iPhone.Build.0 = Release|Any CPU
		{68C503F9-2EB3-4BDC-8AC5-2783CEBABE97}.Release|iPhoneSimulator.ActiveCfg = Release|Any CPU
		{68C503F9-2EB3-4BDC-8AC5-2783CEBABE97}.Release|iPhoneSimulator.Build.0 = Release|Any CPU
		{68C503F9-2EB3-4BDC-8AC5-2783CEBABE97}.Release|x64.ActiveCfg = Release|Any CPU
		{68C503F9-2EB3-4BDC-8AC5-2783CEBABE97}.Release|x64.Build.0 = Release|Any CPU
		{68C503F9-2EB3-4BDC-8AC5-2783CEBABE97}.Release|x86.ActiveCfg = Release|Any CPU
		{68C503F9-2EB3-4BDC-8AC5-2783CEBABE97}.Release|x86.Build.0 = Release|Any CPU
	EndGlobalSection
	GlobalSection(SolutionProperties) = preSolution
		HideSolutionNode = FALSE
	EndGlobalSection
	GlobalSection(ExtensibilityGlobals) = postSolution
		SolutionGuid = {550D83B7-999B-4949-B866-A4B4B1AC5F30}
	EndGlobalSection
EndGlobal
